# THIS IS AN AUTOGENERATED FILE. DO NOT EDIT THIS FILE DIRECTLY.
# yarn lockfile v1


vue-feather@^1.0.1:
  version "1.0.1"
  resolved "https://registry.yarnpkg.com/vue-feather/-/vue-feather-1.0.1.tgz#e5baa4a3d6bfbc3bdbead9f3e4bc66bbdbaddd5e"
  integrity sha512-KpFSfM1K9Plnb3q+hWc3+67iYtqAwY0KXftncNHvtBbtUcHATnHuYV32VFmqNdtGu8FEwACyj5p04RuzrJvAAQ==
